// !$*UTF8*$!
{
	archiveVersion = 1;
	classes = {
	};
	objectVersion = 56;
	objects = {

/* Begin PBXBuildFile section */
		A10000000000000000000002 /* PrivacyInfo.xcprivacy in Resources */ = {isa = PBXBuildFile; fileRef = A10000000000000000000001 /* PrivacyInfo.xcprivacy */; };
		A10000000000000000000005 /* InfoPlist.strings in Resources */ = {isa = PBXBuildFile; fileRef = A10000000000000000000003 /* InfoPlist.strings */; };
		A20000000000000000000001 /* CalculatorTests.swift in Sources */ = {isa = PBXBuildFile; fileRef = A20000000000000000000002 /* CalculatorTests.swift */; };
		A30000000000000000000001 /* UnitCalcUITests.swift in Sources */ = {isa = PBXBuildFile; fileRef = A30000000000000000000002 /* UnitCalcUITests.swift */; };
		E2DABE5B29AC1878001074C3 /* unitCalcApp.swift in Sources */ = {isa = PBXBuildFile; fileRef = E2DABE5A29AC1878001074C3 /* unitCalcApp.swift */; };
		E2DABE5D29AC1878001074C3 /* ContentView.swift in Sources */ = {isa = PBXBuildFile; fileRef = E2DABE5C29AC1878001074C3 /* ContentView.swift */; };
		E2DABE5F29AC1879001074C3 /* Assets.xcassets in Resources */ = {isa = PBXBuildFile; fileRef = E2DABE5E29AC1879001074C3 /* Assets.xcassets */; };
		E2DABE6229AC1879001074C3 /* Preview Assets.xcassets in Resources */ = {isa = PBXBuildFile; fileRef = E2DABE6129AC1879001074C3 /* Preview Assets.xcassets */; };
		E2DABE6929AC18CC001074C3 /* calculator.swift in Sources */ = {isa = PBXBuildFile; fileRef = E2DABE6829AC18CC001074C3 /* calculator.swift */; };
/* End PBXBuildFile section */

/* Begin PBXContainerItemProxy section */
		A20000000000000000000009 /* PBXContainerItemProxy */ = {
			isa = PBXContainerItemProxy;
			containerPortal = E2DABE4F29AC1878001074C3 /* Project object */;
			proxyType = 1;
			remoteGlobalIDString = E2DABE5629AC1878001074C3;
			remoteInfo = unitCalc;
		};
		A30000000000000000000009 /* PBXContainerItemProxy */ = {
			isa = PBXContainerItemProxy;
			containerPortal = E2DABE4F29AC1878001074C3 /* Project object */;
			proxyType = 1;
			remoteGlobalIDString = E2DABE5629AC1878001074C3;
			remoteInfo = unitCalc;
		};
/* End PBXContainerItemProxy section */

/* Begin PBXFileReference section */
		A10000000000000000000001 /* PrivacyInfo.xcprivacy */ = {isa = PBXFileReference; lastKnownFileType = text.xml; path = PrivacyInfo.xcprivacy; sourceTree = "<group>"; };
		A10000000000000000000004 /* zh-Hant */ = {isa = PBXFileReference; lastKnownFileType = text.plist.strings; name = "zh-Hant"; path = "zh-Hant.lproj/InfoPlist.strings"; sourceTree = "<group>"; };
		A20000000000000000000002 /* CalculatorTests.swift */ = {isa = PBXFileReference; lastKnownFileType = sourcecode.swift; path = CalculatorTests.swift; sourceTree = "<group>"; };
		A20000000000000000000003 /* unitCalcTests.xctest */ = {isa = PBXFileReference; explicitFileType = wrapper.cfbundle; includeInIndex = 0; path = unitCalcTests.xctest; sourceTree = BUILT_PRODUCTS_DIR; };
		A30000000000000000000002 /* UnitCalcUITests.swift */ = {isa = PBXFileReference; lastKnownFileType = sourcecode.swift; path = UnitCalcUITests.swift; sourceTree = "<group>"; };
		A30000000000000000000003 /* unitCalcUITests.xctest */ = {isa = PBXFileReference; explicitFileType = wrapper.cfbundle; includeInIndex = 0; path = unitCalcUITests.xctest; sourceTree = BUILT_PRODUCTS_DIR; };
		E27B3B7529B0A710003AFA34 /* Info.plist */ = {isa = PBXFileReference; lastKnownFileType = text.plist; path = Info.plist; sourceTree = "<group>"; };
		E2DABE5729AC1878001074C3 /* unitCalc.app */ = {isa = PBXFileReference; explicitFileType = wrapper.application; includeInIndex = 0; path = unitCalc.app; sourceTree = BUILT_PRODUCTS_DIR; };
		E2DABE5A29AC1878001074C3 /* unitCalcApp.swift */ = {isa = PBXFileReference; lastKnownFileType = sourcecode.swift; path = unitCalcApp.swift; sourceTree = "<group>"; };
		E2DABE5C29AC1878001074C3 /* ContentView.swift */ = {isa = PBXFileReference; lastKnownFileType = sourcecode.swift; path = ContentView.swift; sourceTree = "<group>"; };
		E2DABE5E29AC1879001074C3 /* Assets.xcassets */ = {isa = PBXFileReference; lastKnownFileType = folder.assetcatalog; path = Assets.xcassets; sourceTree = "<group>"; };
		E2DABE6129AC1879001074C3 /* Preview Assets.xcassets */ = {isa = PBXFileReference; lastKnownFileType = folder.assetcatalog; path = "Preview Assets.xcassets"; sourceTree = "<group>"; };
		E2DABE6829AC18CC001074C3 /* calculator.swift */ = {isa = PBXFileReference; fileEncoding = 4; lastKnownFileType = sourcecode.swift; path = calculator.swift; sourceTree = "<group>"; };
/* End PBXFileReference section */

/* Begin PBXFrameworksBuildPhase section */
		A20000000000000000000005 /* Frameworks */ = {
			isa = PBXFrameworksBuildPhase;
			buildActionMask = 2147483647;
			files = (
			);
			runOnlyForDeploymentPostprocessing = 0;
		};
		A30000000000000000000005 /* Frameworks */ = {
			isa = PBXFrameworksBuildPhase;
			buildActionMask = 2147483647;
			files = (
			);
			runOnlyForDeploymentPostprocessing = 0;
		};
		E2DABE5429AC1878001074C3 /* Frameworks */ = {
			isa = PBXFrameworksBuildPhase;
			buildActionMask = 2147483647;
			files = (
			);
			runOnlyForDeploymentPostprocessing = 0;
		};
/* End PBXFrameworksBuildPhase section */

/* Begin PBXGroup section */
		E2DABE4E29AC1878001074C3 = {
			isa = PBXGroup;
			children = (
				E2DABE5929AC1878001074C3 /* unitCalc */,
				A20000000000000000000004 /* unitCalcTests */,
				A30000000000000000000004 /* unitCalcUITests */,
				E2DABE5829AC1878001074C3 /* Products */,
			);
			sourceTree = "<group>";
		};
		E2DABE5829AC1878001074C3 /* Products */ = {
			isa = PBXGroup;
			children = (
				E2DABE5729AC1878001074C3 /* unitCalc.app */,
				A20000000000000000000003 /* unitCalcTests.xctest */,
				A30000000000000000000003 /* unitCalcUITests.xctest */,
			);
			name = Products;
			sourceTree = "<group>";
		};
		E2DABE5929AC1878001074C3 /* unitCalc */ = {
			isa = PBXGroup;
			children = (
				E27B3B7529B0A710003AFA34 /* Info.plist */,
				A10000000000000000000001 /* PrivacyInfo.xcprivacy */,
				A10000000000000000000003 /* InfoPlist.strings */,
				E2DABE5A29AC1878001074C3 /* unitCalcApp.swift */,
				E2DABE5C29AC1878001074C3 /* ContentView.swift */,
				E2DABE6829AC18CC001074C3 /* calculator.swift */,
				E2DABE5E29AC1879001074C3 /* Assets.xcassets */,
				E2DABE6029AC1879001074C3 /* Preview Content */,
			);
			path = unitCalc;
			sourceTree = "<group>";
		};
		E2DABE6029AC1879001074C3 /* Preview Content */ = {
			isa = PBXGroup;
			children = (
				E2DABE6129AC1879001074C3 /* Preview Assets.xcassets */,
			);
			path = "Preview Content";
			sourceTree = "<group>";
		};
		A20000000000000000000004 /* unitCalcTests */ = {
			isa = PBXGroup;
			children = (
				A20000000000000000000002 /* CalculatorTests.swift */,
			);
			path = unitCalcTests;
			sourceTree = "<group>";
		};
		A30000000000000000000004 /* unitCalcUITests */ = {
			isa = PBXGroup;
			children = (
				A30000000000000000000002 /* UnitCalcUITests.swift */,
			);
			path = unitCalcUITests;
			sourceTree = "<group>";
		};
/* End PBXGroup section */

/* Begin PBXNativeTarget section */
		A20000000000000000000008 /* unitCalcTests */ = {
			isa = PBXNativeTarget;
			buildConfigurationList = A2000000000000000000000D /* Build configuration list for PBXNativeTarget "unitCalcTests" */;
			buildPhases = (
				A20000000000000000000007 /* Sources */,
				A20000000000000000000005 /* Frameworks */,
				A20000000000000000000006 /* Resources */,
			);
			buildRules = (
			);
			dependencies = (
				A2000000000000000000000A /* PBXTargetDependency */,
			);
			name = unitCalcTests;
			productName = unitCalcTests;
			productReference = A20000000000000000000003 /* unitCalcTests.xctest */;
			productType = "com.apple.product-type.bundle.unit-test";
		};
		A30000000000000000000008 /* unitCalcUITests */ = {
			isa = PBXNativeTarget;
			buildConfigurationList = A3000000000000000000000D /* Build configuration list for PBXNativeTarget "unitCalcUITests" */;
			buildPhases = (
				A30000000000000000000007 /* Sources */,
				A30000000000000000000005 /* Frameworks */,
				A30000000000000000000006 /* Resources */,
			);
			buildRules = (
			);
			dependencies = (
				A3000000000000000000000A /* PBXTargetDependency */,
			);
			name = unitCalcUITests;
			productName = unitCalcUITests;
			productReference = A30000000000000000000003 /* unitCalcUITests.xctest */;
			productType = "com.apple.product-type.bundle.ui-testing";
		};
		E2DABE5629AC1878001074C3 /* unitCalc */ = {
			isa = PBXNativeTarget;
			buildConfigurationList = E2DABE6529AC1879001074C3 /* Build configuration list for PBXNativeTarget "unitCalc" */;
			buildPhases = (
				E2DABE5329AC1878001074C3 /* Sources */,
				E2DABE5429AC1878001074C3 /* Frameworks */,
				E2DABE5529AC1878001074C3 /* Resources */,
			);
			buildRules = (
			);
			dependencies = (
			);
			name = unitCalc;
			productName = unitCalc;
			productReference = E2DABE5729AC1878001074C3 /* unitCalc.app */;
			productType = "com.apple.product-type.application";
		};
/* End PBXNativeTarget section */

/* Begin PBXProject section */
		E2DABE4F29AC1878001074C3 /* Project object */ = {
			isa = PBXProject;
			attributes = {
				BuildIndependentTargetsInParallel = 1;
				LastSwiftUpdateCheck = 1420;
				LastUpgradeCheck = 1420;
				TargetAttributes = {
					A20000000000000000000008 = {
						CreatedOnToolsVersion = 17.0;
						TestTargetID = E2DABE5629AC1878001074C3;
					};
					A30000000000000000000008 = {
						CreatedOnToolsVersion = 17.0;
						TestTargetID = E2DABE5629AC1878001074C3;
					};
					E2DABE5629AC1878001074C3 = {
						CreatedOnToolsVersion = 14.2;
					};
				};
			};
			buildConfigurationList = E2DABE5229AC1878001074C3 /* Build configuration list for PBXProject "unitCalc" */;
			compatibilityVersion = "Xcode 14.0";
			developmentRegion = "zh-Hant";
			hasScannedForEncodings = 0;
			knownRegions = (
				"zh-Hant",
				Base,
			);
			mainGroup = E2DABE4E29AC1878001074C3;
			productRefGroup = E2DABE5829AC1878001074C3 /* Products */;
			projectDirPath = "";
			projectRoot = "";
			targets = (
				E2DABE5629AC1878001074C3 /* unitCalc */,
				A20000000000000000000008 /* unitCalcTests */,
				A30000000000000000000008 /* unitCalcUITests */,
			);
		};
/* End PBXProject section */

/* Begin PBXResourcesBuildPhase section */
		A20000000000000000000006 /* Resources */ = {
			isa = PBXResourcesBuildPhase;
			buildActionMask = 2147483647;
			files = (
			);
			runOnlyForDeploymentPostprocessing = 0;
		};
		A30000000000000000000006 /* Resources */ = {
			isa = PBXResourcesBuildPhase;
			buildActionMask = 2147483647;
			files = (
			);
			runOnlyForDeploymentPostprocessing = 0;
		};
		E2DABE5529AC1878001074C3 /* Resources */ = {
			isa = PBXResourcesBuildPhase;
			buildActionMask = 2147483647;
			files = (
				A10000000000000000000002 /* PrivacyInfo.xcprivacy in Resources */,
				A10000000000000000000005 /* InfoPlist.strings in Resources */,
				E2DABE6229AC1879001074C3 /* Preview Assets.xcassets in Resources */,
				E2DABE5F29AC1879001074C3 /* Assets.xcassets in Resources */,
			);
			runOnlyForDeploymentPostprocessing = 0;
		};
/* End PBXResourcesBuildPhase section */

/* Begin PBXSourcesBuildPhase section */
		A20000000000000000000007 /* Sources */ = {
			isa = PBXSourcesBuildPhase;
			buildActionMask = 2147483647;
			files = (
				A20000000000000000000001 /* CalculatorTests.swift in Sources */,
			);
			runOnlyForDeploymentPostprocessing = 0;
		};
		A30000000000000000000007 /* Sources */ = {
			isa = PBXSourcesBuildPhase;
			buildActionMask = 2147483647;
			files = (
				A30000000000000000000001 /* UnitCalcUITests.swift in Sources */,
			);
			runOnlyForDeploymentPostprocessing = 0;
		};
		E2DABE5329AC1878001074C3 /* Sources */ = {
			isa = PBXSourcesBuildPhase;
			buildActionMask = 2147483647;
			files = (
				E2DABE5D29AC1878001074C3 /* ContentView.swift in Sources */,
				E2DABE5B29AC1878001074C3 /* unitCalcApp.swift in Sources */,
				E2DABE6929AC18CC001074C3 /* calculator.swift in Sources */,
			);
			runOnlyForDeploymentPostprocessing = 0;
		};
/* End PBXSourcesBuildPhase section */

/* Begin PBXTargetDependency section */
		A2000000000000000000000A /* PBXTargetDependency */ = {
			isa = PBXTargetDependency;
			target = E2DABE5629AC1878001074C3 /* unitCalc */;
			targetProxy = A20000000000000000000009 /* PBXContainerItemProxy */;
		};
		A3000000000000000000000A /* PBXTargetDependency */ = {
			isa = PBXTargetDependency;
			target = E2DABE5629AC1878001074C3 /* unitCalc */;
			targetProxy = A30000000000000000000009 /* PBXContainerItemProxy */;
		};
/* End PBXTargetDependency section */

/* Begin PBXVariantGroup section */
		A10000000000000000000003 /* InfoPlist.strings */ = {
			isa = PBXVariantGroup;
			children = (
				A10000000000000000000004 /* zh-Hant */,
			);
			name = InfoPlist.strings;
			sourceTree = "<group>";
		};
/* End PBXVariantGroup section */

/* Begin XCBuildConfiguration section */
		A2000000000000000000000B /* Debug */ = {
			isa = XCBuildConfiguration;
			buildSettings = {
				BUNDLE_LOADER = "$(TEST_HOST)";
				CODE_SIGN_STYLE = Automatic;
				CURRENT_PROJECT_VERSION = 1;
				DEVELOPMENT_TEAM = QQP5F43Z2T;
				GENERATE_INFOPLIST_FILE = YES;
				IPHONEOS_DEPLOYMENT_TARGET = 15.0;
				MARKETING_VERSION = 1.0;
				PRODUCT_BUNDLE_IDENTIFIER = tw.com.unlock.unitCalcTests;
				PRODUCT_NAME = "$(TARGET_NAME)";
				SWIFT_STRICT_CONCURRENCY = complete;
				SWIFT_VERSION = 6.0;
				TARGETED_DEVICE_FAMILY = "1,2";
				TEST_HOST = "$(BUILT_PRODUCTS_DIR)/unitCalc.app/$(BUNDLE_EXECUTABLE_FOLDER_PATH)/unitCalc";
			};
			name = Debug;
		};
		A2000000000000000000000C /* Release */ = {
			isa = XCBuildConfiguration;
			buildSettings = {
				BUNDLE_LOADER = "$(TEST_HOST)";
				CODE_SIGN_STYLE = Automatic;
				CURRENT_PROJECT_VERSION = 1;
				DEVELOPMENT_TEAM = QQP5F43Z2T;
				GENERATE_INFOPLIST_FILE = YES;
				IPHONEOS_DEPLOYMENT_TARGET = 15.0;
				MARKETING_VERSION = 1.0;
				PRODUCT_BUNDLE_IDENTIFIER = tw.com.unlock.unitCalcTests;
				PRODUCT_NAME = "$(TARGET_NAME)";
				SWIFT_STRICT_CONCURRENCY = complete;
				SWIFT_VERSION = 6.0;
				TARGETED_DEVICE_FAMILY = "1,2";
				TEST_HOST = "$(BUILT_PRODUCTS_DIR)/unitCalc.app/$(BUNDLE_EXECUTABLE_FOLDER_PATH)/unitCalc";
			};
			name = Release;
		};
		A3000000000000000000000B /* Debug */ = {
			isa = XCBuildConfiguration;
			buildSettings = {
				CODE_SIGN_STYLE = Automatic;
				CURRENT_PROJECT_VERSION = 1;
				DEVELOPMENT_TEAM = QQP5F43Z2T;
				GENERATE_INFOPLIST_FILE = YES;
				IPHONEOS_DEPLOYMENT_TARGET = 15.0;
				MARKETING_VERSION = 1.0;
				PRODUCT_BUNDLE_IDENTIFIER = tw.com.unlock.unitCalcUITests;
				PRODUCT_NAME = "$(TARGET_NAME)";
				SWIFT_STRICT_CONCURRENCY = complete;
				SWIFT_VERSION = 6.0;
				TARGETED_DEVICE_FAMILY = "1,2";
				TEST_TARGET_NAME = unitCalc;
			};
			name = Debug;
		};
		A3000000000000000000000C /* Release */ = {
			isa = XCBuildConfiguration;
			buildSettings = {
				CODE_SIGN_STYLE = Automatic;
				CURRENT_PROJECT_VERSION = 1;
				DEVELOPMENT_TEAM = QQP5F43Z2T;
				GENERATE_INFOPLIST_FILE = YES;
				IPHONEOS_DEPLOYMENT_TARGET = 15.0;
				MARKETING_VERSION = 1.0;
				PRODUCT_BUNDLE_IDENTIFIER = tw.com.unlock.unitCalcUITests;
				PRODUCT_NAME = "$(TARGET_NAME)";
				SWIFT_STRICT_CONCURRENCY = complete;
				SWIFT_VERSION = 6.0;
				TARGETED_DEVICE_FAMILY = "1,2";
				TEST_TARGET_NAME = unitCalc;
			};
			name = Release;
		};
		E2DABE6329AC1879001074C3 /* Debug */ = {
			isa = XCBuildConfiguration;
			buildSettings = {
				ALWAYS_SEARCH_USER_PATHS = NO;
				CLANG_ANALYZER_NONNULL = YES;
				CLANG_ANALYZER_NUMBER_OBJECT_CONVERSION = YES_AGGRESSIVE;
				CLANG_CXX_LANGUAGE_STANDARD = "gnu++20";
				CLANG_ENABLE_MODULES = YES;
				CLANG_ENABLE_OBJC_ARC = YES;
				CLANG_ENABLE_OBJC_WEAK = YES;
				CLANG_WARN_BLOCK_CAPTURE_AUTORELEASING = YES;
				CLANG_WARN_BOOL_CONVERSION = YES;
				CLANG_WARN_COMMA = YES;
				CLANG_WARN_CONSTANT_CONVERSION = YES;
				CLANG_WARN_DEPRECATED_OBJC_IMPLEMENTATIONS = YES;
				CLANG_WARN_DIRECT_OBJC_ISA_USAGE = YES_ERROR;
				CLANG_WARN_DOCUMENTATION_COMMENTS = YES;
				CLANG_WARN_EMPTY_BODY = YES;
				CLANG_WARN_ENUM_CONVERSION = YES;
				CLANG_WARN_INFINITE_RECURSION = YES;
				CLANG_WARN_INT_CONVERSION = YES;
				CLANG_WARN_NON_LITERAL_NULL_CONVERSION = YES;
				CLANG_WARN_OBJC_IMPLICIT_RETAIN_SELF = YES;
				CLANG_WARN_OBJC_LITERAL_CONVERSION = YES;
				CLANG_WARN_OBJC_ROOT_CLASS = YES_ERROR;
				CLANG_WARN_QUOTED_INCLUDE_IN_FRAMEWORK_HEADER = YES;
				CLANG_WARN_RANGE_LOOP_ANALYSIS = YES;
				CLANG_WARN_STRICT_PROTOTYPES = YES;
				CLANG_WARN_SUSPICIOUS_MOVE = YES;
				CLANG_WARN_UNGUARDED_AVAILABILITY = YES_AGGRESSIVE;
				CLANG_WARN_UNREACHABLE_CODE = YES;
				CLANG_WARN__DUPLICATE_METHOD_MATCH = YES;
				COPY_PHASE_STRIP = NO;
				DEBUG_INFORMATION_FORMAT = dwarf;
				ENABLE_STRICT_OBJC_MSGSEND = YES;
				ENABLE_TESTABILITY = YES;
				ENABLE_USER_SCRIPT_SANDBOXING = YES;
				GCC_C_LANGUAGE_STANDARD = gnu11;
				GCC_DYNAMIC_NO_PIC = NO;
				GCC_NO_COMMON_BLOCKS = YES;
				GCC_OPTIMIZATION_LEVEL = 0;
				GCC_PREPROCESSOR_DEFINITIONS = (
					"DEBUG=1",
					"$(inherited)",
				);
				GCC_WARN_64_TO_32_BIT_CONVERSION = YES;
				GCC_WARN_ABOUT_RETURN_TYPE = YES_ERROR;
				GCC_WARN_UNDECLARED_SELECTOR = YES;
				GCC_WARN_UNINITIALIZED_AUTOS = YES_AGGRESSIVE;
				GCC_WARN_UNUSED_FUNCTION = YES;
				GCC_WARN_UNUSED_VARIABLE = YES;
				IPHONEOS_DEPLOYMENT_TARGET = 15.0;
				MTL_ENABLE_DEBUG_INFO = INCLUDE_SOURCE;
				MTL_FAST_MATH = YES;
				ONLY_ACTIVE_ARCH = YES;
				SDKROOT = iphoneos;
				SWIFT_ACTIVE_COMPILATION_CONDITIONS = DEBUG;
				SWIFT_OPTIMIZATION_LEVEL = "-Onone";
			};
			name = Debug;
		};
		E2DABE6429AC1879001074C3 /* Release */ = {
			isa = XCBuildConfiguration;
			buildSettings = {
				ALWAYS_SEARCH_USER_PATHS = NO;
				CLANG_ANALYZER_NONNULL = YES;
				CLANG_ANALYZER_NUMBER_OBJECT_CONVERSION = YES_AGGRESSIVE;
				CLANG_CXX_LANGUAGE_STANDARD = "gnu++20";
				CLANG_ENABLE_MODULES = YES;
				CLANG_ENABLE_OBJC_ARC = YES;
				CLANG_ENABLE_OBJC_WEAK = YES;
				CLANG_WARN_BLOCK_CAPTURE_AUTORELEASING = YES;
				CLANG_WARN_BOOL_CONVERSION = YES;
				CLANG_WARN_COMMA = YES;
				CLANG_WARN_CONSTANT_CONVERSION = YES;
				CLANG_WARN_DEPRECATED_OBJC_IMPLEMENTATIONS = YES;
				CLANG_WARN_DIRECT_OBJC_ISA_USAGE = YES_ERROR;
				CLANG_WARN_DOCUMENTATION_COMMENTS = YES;
				CLANG_WARN_EMPTY_BODY = YES;
				CLANG_WARN_ENUM_CONVERSION = YES;
				CLANG_WARN_INFINITE_RECURSION = YES;
				CLANG_WARN_INT_CONVERSION = YES;
				CLANG_WARN_NON_LITERAL_NULL_CONVERSION = YES;
				CLANG_WARN_OBJC_IMPLICIT_RETAIN_SELF = YES;
				CLANG_WARN_OBJC_LITERAL_CONVERSION = YES;
				CLANG_WARN_OBJC_ROOT_CLASS = YES_ERROR;
				CLANG_WARN_QUOTED_INCLUDE_IN_FRAMEWORK_HEADER = YES;
				CLANG_WARN_RANGE_LOOP_ANALYSIS = YES;
				CLANG_WARN_STRICT_PROTOTYPES = YES;
				CLANG_WARN_SUSPICIOUS_MOVE = YES;
				CLANG_WARN_UNGUARDED_AVAILABILITY = YES_AGGRESSIVE;
				CLANG_WARN_UNREACHABLE_CODE = YES;
				CLANG_WARN__DUPLICATE_METHOD_MATCH = YES;
				COPY_PHASE_STRIP = NO;
				DEBUG_INFORMATION_FORMAT = "dwarf-with-dsym";
				ENABLE_NS_ASSERTIONS = NO;
				ENABLE_STRICT_OBJC_MSGSEND = YES;
				ENABLE_USER_SCRIPT_SANDBOXING = YES;
				GCC_C_LANGUAGE_STANDARD = gnu11;
				GCC_NO_COMMON_BLOCKS = YES;
				GCC_WARN_64_TO_32_BIT_CONVERSION = YES;
				GCC_WARN_ABOUT_RETURN_TYPE = YES_ERROR;
				GCC_WARN_UNDECLARED_SELECTOR = YES;
				GCC_WARN_UNINITIALIZED_AUTOS = YES_AGGRESSIVE;
				GCC_WARN_UNUSED_FUNCTION = YES;
				GCC_WARN_UNUSED_VARIABLE = YES;
				IPHONEOS_DEPLOYMENT_TARGET = 15.0;
				MTL_ENABLE_DEBUG_INFO = NO;
				MTL_FAST_MATH = YES;
				SDKROOT = iphoneos;
				SWIFT_COMPILATION_MODE = wholemodule;
				SWIFT_OPTIMIZATION_LEVEL = "-O";
				VALIDATE_PRODUCT = YES;
			};
			name = Release;
		};
		E2DABE6629AC1879001074C3 /* Debug */ = {
			isa = XCBuildConfiguration;
			buildSettings = {
				ASSETCATALOG_COMPILER_APPICON_NAME = AppIcon;
				ASSETCATALOG_COMPILER_GLOBAL_ACCENT_COLOR_NAME = AccentColor;
				CODE_SIGN_STYLE = Automatic;
				CURRENT_PROJECT_VERSION = 3;
				DEVELOPMENT_ASSET_PATHS = "\"unitCalc/Preview Content\"";
				DEVELOPMENT_TEAM = QQP5F43Z2T;
				ENABLE_PREVIEWS = YES;
				GENERATE_INFOPLIST_FILE = YES;
				INFOPLIST_FILE = unitCalc/Info.plist;
				INFOPLIST_KEY_ITSAppUsesNonExemptEncryption = NO;
				INFOPLIST_KEY_LSApplicationCategoryType = "public.app-category.utilities";
				INFOPLIST_KEY_UIApplicationSceneManifest_Generation = YES;
				INFOPLIST_KEY_UIApplicationSupportsIndirectInputEvents = YES;
				INFOPLIST_KEY_UILaunchScreen_Generation = YES;
				INFOPLIST_KEY_UISupportedInterfaceOrientations = "UIInterfaceOrientationLandscapeLeft UIInterfaceOrientationLandscapeRight UIInterfaceOrientationPortrait";
				INFOPLIST_KEY_UISupportedInterfaceOrientations_iPad = "UIInterfaceOrientationLandscapeLeft UIInterfaceOrientationLandscapeRight UIInterfaceOrientationPortrait UIInterfaceOrientationPortraitUpsideDown";
				IPHONEOS_DEPLOYMENT_TARGET = 15.0;
				LD_RUNPATH_SEARCH_PATHS = (
					"$(inherited)",
					"@executable_path/Frameworks",
				);
				MARKETING_VERSION = 1.1.1;
				PRODUCT_BUNDLE_IDENTIFIER = tw.com.unlock.unitCalc;
				PRODUCT_NAME = "$(TARGET_NAME)";
				SWIFT_EMIT_LOC_STRINGS = YES;
				SWIFT_STRICT_CONCURRENCY = complete;
				SWIFT_VERSION = 6.0;
				TARGETED_DEVICE_FAMILY = "1,2";
			};
			name = Debug;
		};
		E2DABE6729AC1879001074C3 /* Release */ = {
			isa = XCBuildConfiguration;
			buildSettings = {
				ASSETCATALOG_COMPILER_APPICON_NAME = AppIcon;
				ASSETCATALOG_COMPILER_GLOBAL_ACCENT_COLOR_NAME = AccentColor;
				CODE_SIGN_STYLE = Automatic;
				CURRENT_PROJECT_VERSION = 3;
				DEVELOPMENT_ASSET_PATHS = "\"unitCalc/Preview Content\"";
				DEVELOPMENT_TEAM = QQP5F43Z2T;
				ENABLE_PREVIEWS = YES;
				GENERATE_INFOPLIST_FILE = YES;
				INFOPLIST_FILE = unitCalc/Info.plist;
				INFOPLIST_KEY_ITSAppUsesNonExemptEncryption = NO;
				INFOPLIST_KEY_LSApplicationCategoryType = "public.app-category.utilities";
				INFOPLIST_KEY_UIApplicationSceneManifest_Generation = YES;
				INFOPLIST_KEY_UIApplicationSupportsIndirectInputEvents = YES;
				INFOPLIST_KEY_UILaunchScreen_Generation = YES;
				INFOPLIST_KEY_UISupportedInterfaceOrientations = "UIInterfaceOrientationLandscapeLeft UIInterfaceOrientationLandscapeRight UIInterfaceOrientationPortrait";
				INFOPLIST_KEY_UISupportedInterfaceOrientations_iPad = "UIInterfaceOrientationLandscapeLeft UIInterfaceOrientationLandscapeRight UIInterfaceOrientationPortrait UIInterfaceOrientationPortraitUpsideDown";
				IPHONEOS_DEPLOYMENT_TARGET = 15.0;
				LD_RUNPATH_SEARCH_PATHS = (
					"$(inherited)",
					"@executable_path/Frameworks",
				);
				MARKETING_VERSION = 1.1.1;
				PRODUCT_BUNDLE_IDENTIFIER = tw.com.unlock.unitCalc;
				PRODUCT_NAME = "$(TARGET_NAME)";
				SWIFT_EMIT_LOC_STRINGS = YES;
				SWIFT_STRICT_CONCURRENCY = complete;
				SWIFT_VERSION = 6.0;
				TARGETED_DEVICE_FAMILY = "1,2";
			};
			name = Release;
		};
/* End XCBuildConfiguration section */

/* Begin XCConfigurationList section */
		A2000000000000000000000D /* Build configuration list for PBXNativeTarget "unitCalcTests" */ = {
			isa = XCConfigurationList;
			buildConfigurations = (
				A2000000000000000000000B /* Debug */,
				A2000000000000000000000C /* Release */,
			);
			defaultConfigurationIsVisible = 0;
			defaultConfigurationName = Release;
		};
		A3000000000000000000000D /* Build configuration list for PBXNativeTarget "unitCalcUITests" */ = {
			isa = XCConfigurationList;
			buildConfigurations = (
				A3000000000000000000000B /* Debug */,
				A3000000000000000000000C /* Release */,
			);
			defaultConfigurationIsVisible = 0;
			defaultConfigurationName = Release;
		};
		E2DABE5229AC1878001074C3 /* Build configuration list for PBXProject "unitCalc" */ = {
			isa = XCConfigurationList;
			buildConfigurations = (
				E2DABE6329AC1879001074C3 /* Debug */,
				E2DABE6429AC1879001074C3 /* Release */,
			);
			defaultConfigurationIsVisible = 0;
			defaultConfigurationName = Release;
		};
		E2DABE6529AC1879001074C3 /* Build configuration list for PBXNativeTarget "unitCalc" */ = {
			isa = XCConfigurationList;
			buildConfigurations = (
				E2DABE6629AC1879001074C3 /* Debug */,
				E2DABE6729AC1879001074C3 /* Release */,
			);
			defaultConfigurationIsVisible = 0;
			defaultConfigurationName = Release;
		};
/* End XCConfigurationList section */
	};
	rootObject = E2DABE4F29AC1878001074C3 /* Project object */;
}
